{
    "name": "stream_zlib",
    "version": "1.0.0",
    "lockfileVersion": 2,
    "requires": true,
    "packages": {
        "": {
            "name": "stream_zlib",
            "version": "1.0.0",
            "dependencies": {
                "fs": "^0.0.1-security",
                "zlib": "^1.0.5"
            }
        },
        "node_modules/fs": {
            "version": "0.0.1-security",
            "resolved": "https://registry.npmjs.org/fs/-/fs-0.0.1-security.tgz",
            "integrity": "sha1-invTcYa23d84E/I4WLV+yq9eQdQ="
        },
        "node_modules/zlib": {
            "version": "1.0.5",
            "resolved": "https://registry.npmjs.org/zlib/-/zlib-1.0.5.tgz",
            "integrity": "sha1-bnyXL8NxxkWmr7A6sUdp3vEU/MA=",
            "hasInstallScript": true,
            "engines": {
                "node": ">=0.2.0"
            }
        }
    },
    "dependencies": {
        "fs": {
            "version": "0.0.1-security",
            "resolved": "https://registry.npmjs.org/fs/-/fs-0.0.1-security.tgz",
            "integrity": "sha1-invTcYa23d84E/I4WLV+yq9eQdQ="
        },
        "zlib": {
            "version": "1.0.5",
            "resolved": "https://registry.npmjs.org/zlib/-/zlib-1.0.5.tgz",
            "integrity": "sha1-bnyXL8NxxkWmr7A6sUdp3vEU/MA="
        }
    }
}
